// !$*UTF8*$!
{
	archiveVersion = 1;
	classes = {
	};
	objectVersion = 46;
	objects = {

/* Begin PBXBuildFile section */
		F9E1DAFC1B6388B200086297 /* main.m in Sources */ = {isa = PBXBuildFile; fileRef = F9E1DAFB1B6388B200086297 /* main.m */; };
		F9E1DAFF1B6388B200086297 /* AppDelegate.m in Sources */ = {isa = PBXBuildFile; fileRef = F9E1DAFE1B6388B200086297 /* AppDelegate.m */; };
		F9E1DB021B6388B200086297 /* ViewController.m in Sources */ = {isa = PBXBuildFile; fileRef = F9E1DB011B6388B200086297 /* ViewController.m */; };
		F9E1DB051B6388B200086297 /* Main.storyboard in Resources */ = {isa = PBXBuildFile; fileRef = F9E1DB031B6388B200086297 /* Main.storyboard */; };
		F9E1DB071B6388B200086297 /* Images.xcassets in Resources */ = {isa = PBXBuildFile; fileRef = F9E1DB061B6388B200086297 /* Images.xcassets */; };
		F9E1DB0A1B6388B200086297 /* LaunchScreen.xib in Resources */ = {isa = PBXBuildFile; fileRef = F9E1DB081B6388B200086297 /* LaunchScreen.xib */; };
		F9E1DB161B6388B200086297 /* DSContentScrollerViewTests.m in Sources */ = {isa = PBXBuildFile; fileRef = F9E1DB151B6388B200086297 /* DSContentScrollerViewTests.m */; };
		F9E1DB211B638B2B00086297 /* anima.jpg in Resources */ = {isa = PBXBuildFile; fileRef = F9E1DB1F1B638B2B00086297 /* anima.jpg */; };
		F9E1DB221B638B2B00086297 /* anima2.jpg in Resources */ = {isa = PBXBuildFile; fileRef = F9E1DB201B638B2B00086297 /* anima2.jpg */; };
		F9E1DB251B639AEB00086297 /* image3.jpg in Resources */ = {isa = PBXBuildFile; fileRef = F9E1DB231B639AEB00086297 /* image3.jpg */; };
		F9E1DB261B639AEB00086297 /* image4.jpg in Resources */ = {isa = PBXBuildFile; fileRef = F9E1DB241B639AEB00086297 /* image4.jpg */; };
/* End PBXBuildFile section */

/* Begin PBXContainerItemProxy section */
		F9E1DB101B6388B200086297 /* PBXContainerItemProxy */ = {
			isa = PBXContainerItemProxy;
			containerPortal = F9E1DAEE1B6388B200086297 /* Project object */;
			proxyType = 1;
			remoteGlobalIDString = F9E1DAF51B6388B200086297;
			remoteInfo = DSContentScrollerView;
		};
/* End PBXContainerItemProxy section */

/* Begin PBXFileReference section */
		F9E1DAF61B6388B200086297 /* DSContentScrollerView.app */ = {isa = PBXFileReference; explicitFileType = wrapper.application; includeInIndex = 0; path = DSContentScrollerView.app; sourceTree = BUILT_PRODUCTS_DIR; };
		F9E1DAFA1B6388B200086297 /* Info.plist */ = {isa = PBXFileReference; lastKnownFileType = text.plist.xml; path = Info.plist; sourceTree = "<group>"; };
		F9E1DAFB1B6388B200086297 /* main.m */ = {isa = PBXFileReference; lastKnownFileType = sourcecode.c.objc; path = main.m; sourceTree = "<group>"; };
		F9E1DAFD1B6388B200086297 /* AppDelegate.h */ = {isa = PBXFileReference; lastKnownFileType = sourcecode.c.h; path = AppDelegate.h; sourceTree = "<group>"; };
		F9E1DAFE1B6388B200086297 /* AppDelegate.m */ = {isa = PBXFileReference; lastKnownFileType = sourcecode.c.objc; path = AppDelegate.m; sourceTree = "<group>"; };
		F9E1DB001B6388B200086297 /* ViewController.h */ = {isa = PBXFileReference; lastKnownFileType = sourcecode.c.h; path = ViewController.h; sourceTree = "<group>"; };
		F9E1DB011B6388B200086297 /* ViewController.m */ = {isa = PBXFileReference; lastKnownFileType = sourcecode.c.objc; path = ViewController.m; sourceTree = "<group>"; };
		F9E1DB041B6388B200086297 /* Base */ = {isa = PBXFileReference; lastKnownFileType = file.storyboard; name = Base; path = Base.lproj/Main.storyboard; sourceTree = "<group>"; };
		F9E1DB061B6388B200086297 /* Images.xcassets */ = {isa = PBXFileReference; lastKnownFileType = folder.assetcatalog; path = Images.xcassets; sourceTree = "<group>"; };
		F9E1DB091B6388B200086297 /* Base */ = {isa = PBXFileReference; lastKnownFileType = file.xib; name = Base; path = Base.lproj/LaunchScreen.xib; sourceTree = "<group>"; };
		F9E1DB0F1B6388B200086297 /* DSContentScrollerViewTests.xctest */ = {isa = PBXFileReference; explicitFileType = wrapper.cfbundle; includeInIndex = 0; path = DSContentScrollerViewTests.xctest; sourceTree = BUILT_PRODUCTS_DIR; };
		F9E1DB141B6388B200086297 /* Info.plist */ = {isa = PBXFileReference; lastKnownFileType = text.plist.xml; path = Info.plist; sourceTree = "<group>"; };
		F9E1DB151B6388B200086297 /* DSContentScrollerViewTests.m */ = {isa = PBXFileReference; lastKnownFileType = sourcecode.c.objc; path = DSContentScrollerViewTests.m; sourceTree = "<group>"; };
		F9E1DB1F1B638B2B00086297 /* anima.jpg */ = {isa = PBXFileReference; lastKnownFileType = image.jpeg; path = anima.jpg; sourceTree = "<group>"; };
		F9E1DB201B638B2B00086297 /* anima2.jpg */ = {isa = PBXFileReference; lastKnownFileType = image.jpeg; path = anima2.jpg; sourceTree = "<group>"; };
		F9E1DB231B639AEB00086297 /* image3.jpg */ = {isa = PBXFileReference; lastKnownFileType = image.jpeg; path = image3.jpg; sourceTree = "<group>"; };
		F9E1DB241B639AEB00086297 /* image4.jpg */ = {isa = PBXFileReference; lastKnownFileType = image.jpeg; path = image4.jpg; sourceTree = "<group>"; };
/* End PBXFileReference section */

/* Begin PBXFrameworksBuildPhase section */
		F9E1DAF31B6388B200086297 /* Frameworks */ = {
			isa = PBXFrameworksBuildPhase;
			buildActionMask = 2147483647;
			files = (
			);
			runOnlyForDeploymentPostprocessing = 0;
		};
		F9E1DB0C1B6388B200086297 /* Frameworks */ = {
			isa = PBXFrameworksBuildPhase;
			buildActionMask = 2147483647;
			files = (
			);
			runOnlyForDeploymentPostprocessing = 0;
		};
/* End PBXFrameworksBuildPhase section */

/* Begin PBXGroup section */
		F9E1DAED1B6388B200086297 = {
			isa = PBXGroup;
			children = (
				F9E1DAF81B6388B200086297 /* DSContentScrollerView */,
				F9E1DB121B6388B200086297 /* DSContentScrollerViewTests */,
				F9E1DAF71B6388B200086297 /* Products */,
			);
			sourceTree = "<group>";
		};
		F9E1DAF71B6388B200086297 /* Products */ = {
			isa = PBXGroup;
			children = (
				F9E1DAF61B6388B200086297 /* DSContentScrollerView.app */,
				F9E1DB0F1B6388B200086297 /* DSContentScrollerViewTests.xctest */,
			);
			name = Products;
			sourceTree = "<group>";
		};
		F9E1DAF81B6388B200086297 /* DSContentScrollerView */ = {
			isa = PBXGroup;
			children = (
				F9E1DB231B639AEB00086297 /* image3.jpg */,
				F9E1DB241B639AEB00086297 /* image4.jpg */,
				F9E1DB1F1B638B2B00086297 /* anima.jpg */,
				F9E1DB201B638B2B00086297 /* anima2.jpg */,
				F9E1DAFD1B6388B200086297 /* AppDelegate.h */,
				F9E1DAFE1B6388B200086297 /* AppDelegate.m */,
				F9E1DB001B6388B200086297 /* ViewController.h */,
				F9E1DB011B6388B200086297 /* ViewController.m */,
				F9E1DB031B6388B200086297 /* Main.storyboard */,
				F9E1DB061B6388B200086297 /* Images.xcassets */,
				F9E1DB081B6388B200086297 /* LaunchScreen.xib */,
				F9E1DAF91B6388B200086297 /* Supporting Files */,
			);
			path = DSContentScrollerView;
			sourceTree = "<group>";
		};
		F9E1DAF91B6388B200086297 /* Supporting Files */ = {
			isa = PBXGroup;
			children = (
				F9E1DAFA1B6388B200086297 /* Info.plist */,
				F9E1DAFB1B6388B200086297 /* main.m */,
			);
			name = "Supporting Files";
			sourceTree = "<group>";
		};
		F9E1DB121B6388B200086297 /* DSContentScrollerViewTests */ = {
			isa = PBXGroup;
			children = (
				F9E1DB151B6388B200086297 /* DSContentScrollerViewTests.m */,
				F9E1DB131B6388B200086297 /* Supporting Files */,
			);
			path = DSContentScrollerViewTests;
			sourceTree = "<group>";
		};
		F9E1DB131B6388B200086297 /* Supporting Files */ = {
			isa = PBXGroup;
			children = (
				F9E1DB141B6388B200086297 /* Info.plist */,
			);
			name = "Supporting Files";
			sourceTree = "<group>";
		};
/* End PBXGroup section */

/* Begin PBXNativeTarget section */
		F9E1DAF51B6388B200086297 /* DSContentScrollerView */ = {
			isa = PBXNativeTarget;
			buildConfigurationList = F9E1DB191B6388B200086297 /* Build configuration list for PBXNativeTarget "DSContentScrollerView" */;
			buildPhases = (
				F9E1DAF21B6388B200086297 /* Sources */,
				F9E1DAF31B6388B200086297 /* Frameworks */,
				F9E1DAF41B6388B200086297 /* Resources */,
			);
			buildRules = (
			);
			dependencies = (
			);
			name = DSContentScrollerView;
			productName = DSContentScrollerView;
			productReference = F9E1DAF61B6388B200086297 /* DSContentScrollerView.app */;
			productType = "com.apple.product-type.application";
		};
		F9E1DB0E1B6388B200086297 /* DSContentScrollerViewTests */ = {
			isa = PBXNativeTarget;
			buildConfigurationList = F9E1DB1C1B6388B200086297 /* Build configuration list for PBXNativeTarget "DSContentScrollerViewTests" */;
			buildPhases = (
				F9E1DB0B1B6388B200086297 /* Sources */,
				F9E1DB0C1B6388B200086297 /* Frameworks */,
				F9E1DB0D1B6388B200086297 /* Resources */,
			);
			buildRules = (
			);
			dependencies = (
				F9E1DB111B6388B200086297 /* PBXTargetDependency */,
			);
			name = DSContentScrollerViewTests;
			productName = DSContentScrollerViewTests;
			productReference = F9E1DB0F1B6388B200086297 /* DSContentScrollerViewTests.xctest */;
			productType = "com.apple.product-type.bundle.unit-test";
		};
/* End PBXNativeTarget section */

/* Begin PBXProject section */
		F9E1DAEE1B6388B200086297 /* Project object */ = {
			isa = PBXProject;
			attributes = {
				LastUpgradeCheck = 0640;
				ORGANIZATIONNAME = dasheng;
				TargetAttributes = {
					F9E1DAF51B6388B200086297 = {
						CreatedOnToolsVersion = 6.4;
					};
					F9E1DB0E1B6388B200086297 = {
						CreatedOnToolsVersion = 6.4;
						TestTargetID = F9E1DAF51B6388B200086297;
					};
				};
			};
			buildConfigurationList = F9E1DAF11B6388B200086297 /* Build configuration list for PBXProject "DSContentScrollerView" */;
			compatibilityVersion = "Xcode 3.2";
			developmentRegion = English;
			hasScannedForEncodings = 0;
			knownRegions = (
				en,
				Base,
			);
			mainGroup = F9E1DAED1B6388B200086297;
			productRefGroup = F9E1DAF71B6388B200086297 /* Products */;
			projectDirPath = "";
			projectRoot = "";
			targets = (
				F9E1DAF51B6388B200086297 /* DSContentScrollerView */,
				F9E1DB0E1B6388B200086297 /* DSContentScrollerViewTests */,
			);
		};
/* End PBXProject section */

/* Begin PBXResourcesBuildPhase section */
		F9E1DAF41B6388B200086297 /* Resources */ = {
			isa = PBXResourcesBuildPhase;
			buildActionMask = 2147483647;
			files = (
				F9E1DB051B6388B200086297 /* Main.storyboard in Resources */,
				F9E1DB0A1B6388B200086297 /* LaunchScreen.xib in Resources */,
				F9E1DB221B638B2B00086297 /* anima2.jpg in Resources */,
				F9E1DB251B639AEB00086297 /* image3.jpg in Resources */,
				F9E1DB261B639AEB00086297 /* image4.jpg in Resources */,
				F9E1DB211B638B2B00086297 /* anima.jpg in Resources */,
				F9E1DB071B6388B200086297 /* Images.xcassets in Resources */,
			);
			runOnlyForDeploymentPostprocessing = 0;
		};
		F9E1DB0D1B6388B200086297 /* Resources */ = {
			isa = PBXResourcesBuildPhase;
			buildActionMask = 2147483647;
			files = (
			);
			runOnlyForDeploymentPostprocessing = 0;
		};
/* End PBXResourcesBuildPhase section */

/* Begin PBXSourcesBuildPhase section */
		F9E1DAF21B6388B200086297 /* Sources */ = {
			isa = PBXSourcesBuildPhase;
			buildActionMask = 2147483647;
			files = (
				F9E1DB021B6388B200086297 /* ViewController.m in Sources */,
				F9E1DAFF1B6388B200086297 /* AppDelegate.m in Sources */,
				F9E1DAFC1B6388B200086297 /* main.m in Sources */,
			);
			runOnlyForDeploymentPostprocessing = 0;
		};
		F9E1DB0B1B6388B200086297 /* Sources */ = {
			isa = PBXSourcesBuildPhase;
			buildActionMask = 2147483647;
			files = (
				F9E1DB161B6388B200086297 /* DSContentScrollerViewTests.m in Sources */,
			);
			runOnlyForDeploymentPostprocessing = 0;
		};
/* End PBXSourcesBuildPhase section */

/* Begin PBXTargetDependency section */
		F9E1DB111B6388B200086297 /* PBXTargetDependency */ = {
			isa = PBXTargetDependency;
			target = F9E1DAF51B6388B200086297 /* DSContentScrollerView */;
			targetProxy = F9E1DB101B6388B200086297 /* PBXContainerItemProxy */;
		};
/* End PBXTargetDependency section */

/* Begin PBXVariantGroup section */
		F9E1DB031B6388B200086297 /* Main.storyboard */ = {
			isa = PBXVariantGroup;
			children = (
				F9E1DB041B6388B200086297 /* Base */,
			);
			name = Main.storyboard;
			sourceTree = "<group>";
		};
		F9E1DB081B6388B200086297 /* LaunchScreen.xib */ = {
			isa = PBXVariantGroup;
			children = (
				F9E1DB091B6388B200086297 /* Base */,
			);
			name = LaunchScreen.xib;
			sourceTree = "<group>";
		};
/* End PBXVariantGroup section */

/* Begin XCBuildConfiguration section */
		F9E1DB171B6388B200086297 /* Debug */ = {
			isa = XCBuildConfiguration;
			buildSettings = {
				ALWAYS_SEARCH_USER_PATHS = NO;
				CLANG_CXX_LANGUAGE_STANDARD = "gnu++0x";
				CLANG_CXX_LIBRARY = "libc++";
				CLANG_ENABLE_MODULES = YES;
				CLANG_ENABLE_OBJC_ARC = YES;
				CLANG_WARN_BOOL_CONVERSION = YES;
				CLANG_WARN_CONSTANT_CONVERSION = YES;
				CLANG_WARN_DIRECT_OBJC_ISA_USAGE = YES_ERROR;
				CLANG_WARN_EMPTY_BODY = YES;
				CLANG_WARN_ENUM_CONVERSION = YES;
				CLANG_WARN_INT_CONVERSION = YES;
				CLANG_WARN_OBJC_ROOT_CLASS = YES_ERROR;
				CLANG_WARN_UNREACHABLE_CODE = YES;
				CLANG_WARN__DUPLICATE_METHOD_MATCH = YES;
				"CODE_SIGN_IDENTITY[sdk=iphoneos*]" = "iPhone Developer";
				COPY_PHASE_STRIP = NO;
				DEBUG_INFORMATION_FORMAT = "dwarf-with-dsym";
				ENABLE_STRICT_OBJC_MSGSEND = YES;
				GCC_C_LANGUAGE_STANDARD = gnu99;
				GCC_DYNAMIC_NO_PIC = NO;
				GCC_NO_COMMON_BLOCKS = YES;
				GCC_OPTIMIZATION_LEVEL = 0;
				GCC_PREPROCESSOR_DEFINITIONS = (
					"DEBUG=1",
					"$(inherited)",
				);
				GCC_SYMBOLS_PRIVATE_EXTERN = NO;
				GCC_WARN_64_TO_32_BIT_CONVERSION = YES;
				GCC_WARN_ABOUT_RETURN_TYPE = YES_ERROR;
				GCC_WARN_UNDECLARED_SELECTOR = YES;
				GCC_WARN_UNINITIALIZED_AUTOS = YES_AGGRESSIVE;
				GCC_WARN_UNUSED_FUNCTION = YES;
				GCC_WARN_UNUSED_VARIABLE = YES;
				IPHONEOS_DEPLOYMENT_TARGET = 8.4;
				MTL_ENABLE_DEBUG_INFO = YES;
				ONLY_ACTIVE_ARCH = YES;
				SDKROOT = iphoneos;
				TARGETED_DEVICE_FAMILY = "1,2";
			};
			name = Debug;
		};
		F9E1DB181B6388B200086297 /* Release */ = {
			isa = XCBuildConfiguration;
			buildSettings = {
				ALWAYS_SEARCH_USER_PATHS = NO;
				CLANG_CXX_LANGUAGE_STANDARD = "gnu++0x";
				CLANG_CXX_LIBRARY = "libc++";
				CLANG_ENABLE_MODULES = YES;
				CLANG_ENABLE_OBJC_ARC = YES;
				CLANG_WARN_BOOL_CONVERSION = YES;
				CLANG_WARN_CONSTANT_CONVERSION = YES;
				CLANG_WARN_DIRECT_OBJC_ISA_USAGE = YES_ERROR;
				CLANG_WARN_EMPTY_BODY = YES;
				CLANG_WARN_ENUM_CONVERSION = YES;
				CLANG_WARN_INT_CONVERSION = YES;
				CLANG_WARN_OBJC_ROOT_CLASS = YES_ERROR;
				CLANG_WARN_UNREACHABLE_CODE = YES;
				CLANG_WARN__DUPLICATE_METHOD_MATCH = YES;
				"CODE_SIGN_IDENTITY[sdk=iphoneos*]" = "iPhone Developer";
				COPY_PHASE_STRIP = NO;
				DEBUG_INFORMATION_FORMAT = "dwarf-with-dsym";
				ENABLE_NS_ASSERTIONS = NO;
				ENABLE_STRICT_OBJC_MSGSEND = YES;
				GCC_C_LANGUAGE_STANDARD = gnu99;
				GCC_NO_COMMON_BLOCKS = YES;
				GCC_WARN_64_TO_32_BIT_CONVERSION = YES;
				GCC_WARN_ABOUT_RETURN_TYPE = YES_ERROR;
				GCC_WARN_UNDECLARED_SELECTOR = YES;
				GCC_WARN_UNINITIALIZED_AUTOS = YES_AGGRESSIVE;
				GCC_WARN_UNUSED_FUNCTION = YES;
				GCC_WARN_UNUSED_VARIABLE = YES;
				IPHONEOS_DEPLOYMENT_TARGET = 8.4;
				MTL_ENABLE_DEBUG_INFO = NO;
				SDKROOT = iphoneos;
				TARGETED_DEVICE_FAMILY = "1,2";
				VALIDATE_PRODUCT = YES;
			};
			name = Release;
		};
		F9E1DB1A1B6388B200086297 /* Debug */ = {
			isa = XCBuildConfiguration;
			buildSettings = {
				ASSETCATALOG_COMPILER_APPICON_NAME = AppIcon;
				INFOPLIST_FILE = DSContentScrollerView/Info.plist;
				LD_RUNPATH_SEARCH_PATHS = "$(inherited) @executable_path/Frameworks";
				PRODUCT_NAME = "$(TARGET_NAME)";
			};
			name = Debug;
		};
		F9E1DB1B1B6388B200086297 /* Release */ = {
			isa = XCBuildConfiguration;
			buildSettings = {
				ASSETCATALOG_COMPILER_APPICON_NAME = AppIcon;
				INFOPLIST_FILE = DSContentScrollerView/Info.plist;
				LD_RUNPATH_SEARCH_PATHS = "$(inherited) @executable_path/Frameworks";
				PRODUCT_NAME = "$(TARGET_NAME)";
			};
			name = Release;
		};
		F9E1DB1D1B6388B200086297 /* Debug */ = {
			isa = XCBuildConfiguration;
			buildSettings = {
				BUNDLE_LOADER = "$(TEST_HOST)";
				FRAMEWORK_SEARCH_PATHS = (
					"$(SDKROOT)/Developer/Library/Frameworks",
					"$(inherited)",
				);
				GCC_PREPROCESSOR_DEFINITIONS = (
					"DEBUG=1",
					"$(inherited)",
				);
				INFOPLIST_FILE = DSContentScrollerViewTests/Info.plist;
				LD_RUNPATH_SEARCH_PATHS = "$(inherited) @executable_path/Frameworks @loader_path/Frameworks";
				PRODUCT_NAME = "$(TARGET_NAME)";
				TEST_HOST = "$(BUILT_PRODUCTS_DIR)/DSContentScrollerView.app/DSContentScrollerView";
			};
			name = Debug;
		};
		F9E1DB1E1B6388B200086297 /* Release */ = {
			isa = XCBuildConfiguration;
			buildSettings = {
				BUNDLE_LOADER = "$(TEST_HOST)";
				FRAMEWORK_SEARCH_PATHS = (
					"$(SDKROOT)/Developer/Library/Frameworks",
					"$(inherited)",
				);
				INFOPLIST_FILE = DSContentScrollerViewTests/Info.plist;
				LD_RUNPATH_SEARCH_PATHS = "$(inherited) @executable_path/Frameworks @loader_path/Frameworks";
				PRODUCT_NAME = "$(TARGET_NAME)";
				TEST_HOST = "$(BUILT_PRODUCTS_DIR)/DSContentScrollerView.app/DSContentScrollerView";
			};
			name = Release;
		};
/* End XCBuildConfiguration section */

/* Begin XCConfigurationList section */
		F9E1DAF11B6388B200086297 /* Build configuration list for PBXProject "DSContentScrollerView" */ = {
			isa = XCConfigurationList;
			buildConfigurations = (
				F9E1DB171B6388B200086297 /* Debug */,
				F9E1DB181B6388B200086297 /* Release */,
			);
			defaultConfigurationIsVisible = 0;
			defaultConfigurationName = Release;
		};
		F9E1DB191B6388B200086297 /* Build configuration list for PBXNativeTarget "DSContentScrollerView" */ = {
			isa = XCConfigurationList;
			buildConfigurations = (
				F9E1DB1A1B6388B200086297 /* Debug */,
				F9E1DB1B1B6388B200086297 /* Release */,
			);
			defaultConfigurationIsVisible = 0;
		};
		F9E1DB1C1B6388B200086297 /* Build configuration list for PBXNativeTarget "DSContentScrollerViewTests" */ = {
			isa = XCConfigurationList;
			buildConfigurations = (
				F9E1DB1D1B6388B200086297 /* Debug */,
				F9E1DB1E1B6388B200086297 /* Release */,
			);
			defaultConfigurationIsVisible = 0;
		};
/* End XCConfigurationList section */
	};
	rootObject = F9E1DAEE1B6388B200086297 /* Project object */;
}
